#MicroXplorer Configuration settings - do not modify
Dma.Request0=SPI1_RX
Dma.Request1=SPI1_TX
Dma.Request2=USART2_RX
Dma.Request3=USART2_TX
Dma.Request4=SPI2_RX
Dma.Request5=SPI2_TX
Dma.RequestsNb=6
Dma.SPI1_RX.0.Direction=DMA_PERIPH_TO_MEMORY
Dma.SPI1_RX.0.EventEnable=DISABLE
Dma.SPI1_RX.0.Instance=DMA1_Channel1
Dma.SPI1_RX.0.MemDataAlignment=DMA_MDATAALIGN_BYTE
Dma.SPI1_RX.0.MemInc=DMA_MINC_ENABLE
Dma.SPI1_RX.0.Mode=DMA_NORMAL
Dma.SPI1_RX.0.PeriphDataAlignment=DMA_PDATAALIGN_BYTE
Dma.SPI1_RX.0.PeriphInc=DMA_PINC_DISABLE
Dma.SPI1_RX.0.Polarity=HAL_DMAMUX_REQ_GEN_RISING
Dma.SPI1_RX.0.Priority=DMA_PRIORITY_LOW
Dma.SPI1_RX.0.RequestNumber=1
Dma.SPI1_RX.0.RequestParameters=Instance,Direction,PeriphInc,MemInc,PeriphDataAlignment,MemDataAlignment,Mode,Priority,SignalID,Polarity,RequestNumber,SyncSignalID,SyncPolarity,SyncEnable,EventEnable,SyncRequestNumber
Dma.SPI1_RX.0.SignalID=NONE
Dma.SPI1_RX.0.SyncEnable=DISABLE
Dma.SPI1_RX.0.SyncPolarity=HAL_DMAMUX_SYNC_NO_EVENT
Dma.SPI1_RX.0.SyncRequestNumber=1
Dma.SPI1_RX.0.SyncSignalID=NONE
Dma.SPI1_TX.1.Direction=DMA_MEMORY_TO_PERIPH
Dma.SPI1_TX.1.EventEnable=DISABLE
Dma.SPI1_TX.1.Instance=DMA1_Channel2
Dma.SPI1_TX.1.MemDataAlignment=DMA_MDATAALIGN_BYTE
Dma.SPI1_TX.1.MemInc=DMA_MINC_ENABLE
Dma.SPI1_TX.1.Mode=DMA_NORMAL
Dma.SPI1_TX.1.PeriphDataAlignment=DMA_PDATAALIGN_BYTE
Dma.SPI1_TX.1.PeriphInc=DMA_PINC_DISABLE
Dma.SPI1_TX.1.Polarity=HAL_DMAMUX_REQ_GEN_RISING
Dma.SPI1_TX.1.Priority=DMA_PRIORITY_LOW
Dma.SPI1_TX.1.RequestNumber=1
Dma.SPI1_TX.1.RequestParameters=Instance,Direction,PeriphInc,MemInc,PeriphDataAlignment,MemDataAlignment,Mode,Priority,SignalID,Polarity,RequestNumber,SyncSignalID,SyncPolarity,SyncEnable,EventEnable,SyncRequestNumber
Dma.SPI1_TX.1.SignalID=NONE
Dma.SPI1_TX.1.SyncEnable=DISABLE
Dma.SPI1_TX.1.SyncPolarity=HAL_DMAMUX_SYNC_NO_EVENT
Dma.SPI1_TX.1.SyncRequestNumber=1
Dma.SPI1_TX.1.SyncSignalID=NONE
Dma.SPI2_RX.4.Direction=DMA_PERIPH_TO_MEMORY
Dma.SPI2_RX.4.EventEnable=DISABLE
Dma.SPI2_RX.4.Instance=DMA1_Channel5
Dma.SPI2_RX.4.MemDataAlignment=DMA_MDATAALIGN_BYTE
Dma.SPI2_RX.4.MemInc=DMA_MINC_ENABLE
Dma.SPI2_RX.4.Mode=DMA_NORMAL
Dma.SPI2_RX.4.PeriphDataAlignment=DMA_PDATAALIGN_BYTE
Dma.SPI2_RX.4.PeriphInc=DMA_PINC_DISABLE
Dma.SPI2_RX.4.Polarity=HAL_DMAMUX_REQ_GEN_RISING
Dma.SPI2_RX.4.Priority=DMA_PRIORITY_LOW
Dma.SPI2_RX.4.RequestNumber=1
Dma.SPI2_RX.4.RequestParameters=Instance,Direction,PeriphInc,MemInc,PeriphDataAlignment,MemDataAlignment,Mode,Priority,SignalID,Polarity,RequestNumber,SyncSignalID,SyncPolarity,SyncEnable,EventEnable,SyncRequestNumber
Dma.SPI2_RX.4.SignalID=NONE
Dma.SPI2_RX.4.SyncEnable=DISABLE
Dma.SPI2_RX.4.SyncPolarity=HAL_DMAMUX_SYNC_NO_EVENT
Dma.SPI2_RX.4.SyncRequestNumber=1
Dma.SPI2_RX.4.SyncSignalID=NONE
Dma.SPI2_TX.5.Direction=DMA_MEMORY_TO_PERIPH
Dma.SPI2_TX.5.EventEnable=DISABLE
Dma.SPI2_TX.5.Instance=DMA1_Channel6
Dma.SPI2_TX.5.MemDataAlignment=DMA_MDATAALIGN_BYTE
Dma.SPI2_TX.5.MemInc=DMA_MINC_ENABLE
Dma.SPI2_TX.5.Mode=DMA_NORMAL
Dma.SPI2_TX.5.PeriphDataAlignment=DMA_PDATAALIGN_BYTE
Dma.SPI2_TX.5.PeriphInc=DMA_PINC_DISABLE
Dma.SPI2_TX.5.Polarity=HAL_DMAMUX_REQ_GEN_RISING
Dma.SPI2_TX.5.Priority=DMA_PRIORITY_LOW
Dma.SPI2_TX.5.RequestNumber=1
Dma.SPI2_TX.5.RequestParameters=Instance,Direction,PeriphInc,MemInc,PeriphDataAlignment,MemDataAlignment,Mode,Priority,SignalID,Polarity,RequestNumber,SyncSignalID,SyncPolarity,SyncEnable,EventEnable,SyncRequestNumber
Dma.SPI2_TX.5.SignalID=NONE
Dma.SPI2_TX.5.SyncEnable=DISABLE
Dma.SPI2_TX.5.SyncPolarity=HAL_DMAMUX_SYNC_NO_EVENT
Dma.SPI2_TX.5.SyncRequestNumber=1
Dma.SPI2_TX.5.SyncSignalID=NONE
Dma.USART2_RX.2.Direction=DMA_PERIPH_TO_MEMORY
Dma.USART2_RX.2.EventEnable=DISABLE
Dma.USART2_RX.2.Instance=DMA1_Channel3
Dma.USART2_RX.2.MemDataAlignment=DMA_MDATAALIGN_BYTE
Dma.USART2_RX.2.MemInc=DMA_MINC_ENABLE
Dma.USART2_RX.2.Mode=DMA_NORMAL
Dma.USART2_RX.2.PeriphDataAlignment=DMA_PDATAALIGN_BYTE
Dma.USART2_RX.2.PeriphInc=DMA_PINC_DISABLE
Dma.USART2_RX.2.Polarity=HAL_DMAMUX_REQ_GEN_RISING
Dma.USART2_RX.2.Priority=DMA_PRIORITY_LOW
Dma.USART2_RX.2.RequestNumber=1
Dma.USART2_RX.2.RequestParameters=Instance,Direction,PeriphInc,MemInc,PeriphDataAlignment,MemDataAlignment,Mode,Priority,SignalID,Polarity,RequestNumber,SyncSignalID,SyncPolarity,SyncEnable,EventEnable,SyncRequestNumber
Dma.USART2_RX.2.SignalID=NONE
Dma.USART2_RX.2.SyncEnable=DISABLE
Dma.USART2_RX.2.SyncPolarity=HAL_DMAMUX_SYNC_NO_EVENT
Dma.USART2_RX.2.SyncRequestNumber=1
Dma.USART2_RX.2.SyncSignalID=NONE
Dma.USART2_TX.3.Direction=DMA_MEMORY_TO_PERIPH
Dma.USART2_TX.3.EventEnable=DISABLE
Dma.USART2_TX.3.Instance=DMA1_Channel4
Dma.USART2_TX.3.MemDataAlignment=DMA_MDATAALIGN_BYTE
Dma.USART2_TX.3.MemInc=DMA_MINC_ENABLE
Dma.USART2_TX.3.Mode=DMA_NORMAL
Dma.USART2_TX.3.PeriphDataAlignment=DMA_PDATAALIGN_BYTE
Dma.USART2_TX.3.PeriphInc=DMA_PINC_DISABLE
Dma.USART2_TX.3.Polarity=HAL_DMAMUX_REQ_GEN_RISING
Dma.USART2_TX.3.Priority=DMA_PRIORITY_LOW
Dma.USART2_TX.3.RequestNumber=1
Dma.USART2_TX.3.RequestParameters=Instance,Direction,PeriphInc,MemInc,PeriphDataAlignment,MemDataAlignment,Mode,Priority,SignalID,Polarity,RequestNumber,SyncSignalID,SyncPolarity,SyncEnable,EventEnable,SyncRequestNumber
Dma.USART2_TX.3.SignalID=NONE
Dma.USART2_TX.3.SyncEnable=DISABLE
Dma.USART2_TX.3.SyncPolarity=HAL_DMAMUX_SYNC_NO_EVENT
Dma.USART2_TX.3.SyncRequestNumber=1
Dma.USART2_TX.3.SyncSignalID=NONE
FDCAN1.CalculateBaudRateNominal=1000000
FDCAN1.CalculateTimeBitNominal=1000
FDCAN1.CalculateTimeQuantumNominal=6.944444444444445
FDCAN1.DataTimeSeg1=9
FDCAN1.DataTimeSeg2=8
FDCAN1.ExtFiltersNbr=2
FDCAN1.FrameFormat=FDCAN_FRAME_FD_BRS
FDCAN1.IPParameters=CalculateTimeQuantumNominal,CalculateTimeBitNominal,CalculateBaudRateNominal,FrameFormat,NominalPrescaler,NominalTimeSeg1,NominalTimeSeg2,TransmitPause,DataTimeSeg1,DataTimeSeg2,StdFiltersNbr,ExtFiltersNbr
FDCAN1.NominalPrescaler=1
FDCAN1.NominalTimeSeg1=72
FDCAN1.NominalTimeSeg2=71
FDCAN1.StdFiltersNbr=2
FDCAN1.TransmitPause=DISABLE
FREERTOS.BinarySemaphores01=usbRxCompleted,Static,usbRxCompletedControlBlock;spi1TxCompleted,Static,spi1TxCompletedControlBlock;spi1RxCompleted,Static,spi1RxCompletedControlBlock;rs485RxCompleted,Static,rs485RxCompletedControlBlock;rs485TxCompleted,Static,rs485TxCompletedControlBlock;fdCanRxCompleted,Static,fdCanRxCompletedControlBlock;spi2RxCompleted,Static,spi2RxCompletedControlBlock;spi2TxCompleted,Static,spi2TxCompletedControlBlock;fdCanTxCompleted,Static,fdCanTxCompletedControlBlock
FREERTOS.FootprintOK=true
FREERTOS.IPParameters=Tasks01,BinarySemaphores01,FootprintOK,configUSE_NEWLIB_REENTRANT,configENABLE_FPU
FREERTOS.Tasks01=usbRx,8,128,handleUsbRx,Default,NULL,Static,usbRxBuffer,usbRxControlBlock;blinker,8,128,blink,Default,NULL,Static,blinkerBuffer,blinkerControlBlock;rs485Comm,24,128,handleRs485,Default,NULL,Static,rs485CommBuffer,rs485CommControlBlock;fdCanComm,24,128,handleFdCan,Default,NULL,Static,fdCanCommBuffer,fdCanCommControlBlock;spi2Comm,24,128,handleSpi2,Default,NULL,Static,spi2CommBuffer,spi2CommControlBlock
FREERTOS.configENABLE_FPU=0
FREERTOS.configUSE_NEWLIB_REENTRANT=1
File.Version=6
GPIO.groupedBy=Group By Peripherals
KeepUserPlacement=false
Mcu.CPN=STM32G431CBU3
Mcu.Family=STM32G4
Mcu.IP0=CRC
Mcu.IP1=DMA
Mcu.IP10=USART2
Mcu.IP11=USB
Mcu.IP12=USB_DEVICE
Mcu.IP2=FDCAN1
Mcu.IP3=FREERTOS
Mcu.IP4=NVIC
Mcu.IP5=RCC
Mcu.IP6=RTC
Mcu.IP7=SPI1
Mcu.IP8=SPI2
Mcu.IP9=SYS
Mcu.IPNb=13
Mcu.Name=STM32G431C(6-8-B)Ux
Mcu.Package=UFQFPN48
Mcu.Pin0=PC13
Mcu.Pin1=PC14-OSC32_IN
Mcu.Pin10=PA4
Mcu.Pin11=PA5
Mcu.Pin12=PA6
Mcu.Pin13=PA7
Mcu.Pin14=PC4
Mcu.Pin15=PB0
Mcu.Pin16=PB1
Mcu.Pin17=PB2
Mcu.Pin18=PB10
Mcu.Pin19=PB11
Mcu.Pin2=PC15-OSC32_OUT
Mcu.Pin20=PB12
Mcu.Pin21=PB13
Mcu.Pin22=PB14
Mcu.Pin23=PB15
Mcu.Pin24=PC6
Mcu.Pin25=PA8
Mcu.Pin26=PA9
Mcu.Pin27=PA10
Mcu.Pin28=PA11
Mcu.Pin29=PA12
Mcu.Pin3=PF0-OSC_IN
Mcu.Pin30=PA13
Mcu.Pin31=PA14
Mcu.Pin32=PA15
Mcu.Pin33=PC10
Mcu.Pin34=PC11
Mcu.Pin35=PB3
Mcu.Pin36=PB4
Mcu.Pin37=PB5
Mcu.Pin38=PB6
Mcu.Pin39=PB7
Mcu.Pin4=PF1-OSC_OUT
Mcu.Pin40=PB8-BOOT0
Mcu.Pin41=PB9
Mcu.Pin42=VP_CRC_VS_CRC
Mcu.Pin43=VP_FREERTOS_VS_CMSIS_V2
Mcu.Pin44=VP_RTC_VS_RTC_Activate
Mcu.Pin45=VP_SYS_VS_tim1
Mcu.Pin46=VP_USB_DEVICE_VS_USB_DEVICE_CDC_FS
Mcu.Pin5=PG10-NRST
Mcu.Pin6=PA0
Mcu.Pin7=PA1
Mcu.Pin8=PA2
Mcu.Pin9=PA3
Mcu.PinsNb=47
Mcu.ThirdPartyNb=0
Mcu.UserConstants=
Mcu.UserName=STM32G431CBUx
MxCube.Version=6.6.1
MxDb.Version=DB.6.0.60
NVIC.BusFault_IRQn=true\:0\:0\:false\:false\:true\:false\:false\:false\:false
NVIC.DMA1_Channel1_IRQn=true\:5\:0\:false\:false\:true\:true\:false\:true\:true
NVIC.DMA1_Channel2_IRQn=true\:5\:0\:false\:false\:true\:true\:false\:true\:true
NVIC.DMA1_Channel3_IRQn=true\:5\:0\:false\:false\:true\:true\:false\:true\:true
NVIC.DMA1_Channel4_IRQn=true\:5\:0\:false\:false\:true\:true\:false\:true\:true
NVIC.DMA1_Channel5_IRQn=true\:5\:0\:false\:false\:true\:true\:false\:true\:true
NVIC.DMA1_Channel6_IRQn=true\:5\:0\:false\:false\:true\:true\:false\:true\:true
NVIC.DebugMonitor_IRQn=true\:0\:0\:false\:false\:true\:false\:false\:false\:false
NVIC.FDCAN1_IT0_IRQn=true\:5\:0\:false\:false\:true\:true\:true\:true\:true
NVIC.ForceEnableDMAVector=true
NVIC.HardFault_IRQn=true\:0\:0\:false\:false\:true\:false\:false\:false\:false
NVIC.MemoryManagement_IRQn=true\:0\:0\:false\:false\:true\:false\:false\:false\:false
NVIC.NonMaskableInt_IRQn=true\:0\:0\:false\:false\:true\:false\:false\:true\:false
NVIC.PendSV_IRQn=true\:15\:0\:false\:false\:false\:true\:false\:false\:false
NVIC.PriorityGroup=NVIC_PRIORITYGROUP_4
NVIC.SVCall_IRQn=true\:0\:0\:false\:false\:false\:false\:false\:false\:false
NVIC.SavedPendsvIrqHandlerGenerated=true
NVIC.SavedSvcallIrqHandlerGenerated=true
NVIC.SavedSystickIrqHandlerGenerated=true
NVIC.SysTick_IRQn=true\:15\:0\:false\:false\:false\:true\:false\:true\:false
NVIC.TIM1_UP_TIM16_IRQn=true\:15\:0\:false\:false\:true\:false\:false\:true\:true
NVIC.TimeBase=TIM1_UP_TIM16_IRQn
NVIC.TimeBaseIP=TIM1
NVIC.USART2_IRQn=true\:5\:0\:false\:false\:true\:true\:true\:true\:true
NVIC.USB_LP_IRQn=true\:5\:0\:false\:false\:true\:true\:false\:true\:true
NVIC.UsageFault_IRQn=true\:0\:0\:false\:false\:true\:false\:false\:false\:false
PA0.GPIOParameters=GPIO_Label
PA0.GPIO_Label=GR_D2
PA0.Locked=true
PA0.Signal=GPIO_Input
PA1.Mode=Hardware Flow Control (RS485)
PA1.Signal=USART2_DE
PA10.GPIOParameters=GPIO_Label
PA10.GPIO_Label=M_FAULT
PA10.Locked=true
PA10.Signal=GPIO_Input
PA11.Mode=Device
PA11.Signal=USB_DM
PA12.Mode=Device
PA12.Signal=USB_DP
PA13.Mode=Serial_Wire
PA13.Signal=SYS_JTMS-SWDIO
PA14.Mode=Serial_Wire
PA14.Signal=SYS_JTCK-SWCLK
PA15.GPIOParameters=GPIO_Label
PA15.GPIO_Label=VDS_0
PA15.Locked=true
PA15.Signal=GPIO_Input
PA2.Mode=Asynchronous
PA2.Signal=USART2_TX
PA3.Mode=Asynchronous
PA3.Signal=USART2_RX
PA4.GPIOParameters=GPIO_Label
PA4.GPIO_Label=GR_D3
PA4.Locked=true
PA4.Signal=GPIO_Input
PA5.Mode=Full_Duplex_Master
PA5.Signal=SPI1_SCK
PA6.Mode=Full_Duplex_Master
PA6.Signal=SPI1_MISO
PA7.Mode=Full_Duplex_Master
PA7.Signal=SPI1_MOSI
PA8.GPIOParameters=GPIO_Label
PA8.GPIO_Label=F_EN
PA8.Locked=true
PA8.Signal=GPIO_Output
PA9.GPIOParameters=GPIO_Label
PA9.GPIO_Label=F_STATUS
PA9.Locked=true
PA9.Signal=GPIO_Input
PB0.GPIOParameters=GPIO_Label
PB0.GPIO_Label=M_CS
PB0.Locked=true
PB0.Signal=GPIO_Output
PB1.GPIOParameters=GPIO_Label
PB1.GPIO_Label=GR_D4
PB1.Locked=true
PB1.Signal=GPIO_Input
PB10.GPIOParameters=GPIO_Label
PB10.GPIO_Label=DIAG_1
PB10.Locked=true
PB10.Signal=GPIO_Output
PB11.GPIOParameters=GPIO_Label
PB11.GPIO_Label=DIAG_2
PB11.Locked=true
PB11.Signal=GPIO_Output
PB12.GPIOParameters=GPIO_Label
PB12.GPIO_Label=SPI2_CS
PB12.Locked=true
PB12.Signal=GPIO_Output
PB13.Mode=Full_Duplex_Master
PB13.Signal=SPI2_SCK
PB14.Mode=Full_Duplex_Master
PB14.Signal=SPI2_MISO
PB15.Mode=Full_Duplex_Master
PB15.Signal=SPI2_MOSI
PB2.GPIOParameters=GPIO_Label
PB2.GPIO_Label=GR_D5
PB2.Locked=true
PB2.Signal=GPIO_Input
PB3.GPIOParameters=GPIO_Label
PB3.GPIO_Label=IDRIVE_0
PB3.Locked=true
PB3.Signal=GPIO_Input
PB4.GPIOParameters=GPIO_Label
PB4.GPIO_Label=IDRIVE_18
PB4.Locked=true
PB4.Signal=GPIO_Input
PB5.GPIOParameters=GPIO_Label
PB5.GPIO_Label=IDRIVE_75
PB5.Locked=true
PB5.Signal=GPIO_Input
PB6.GPIOParameters=GPIO_Label
PB6.GPIO_Label=MODE_0
PB6.Locked=true
PB6.Signal=GPIO_Input
PB7.GPIOParameters=GPIO_Label
PB7.GPIO_Label=MODE_45
PB7.Locked=true
PB7.Signal=GPIO_Input
PB8-BOOT0.Mode=FDCAN_Activate
PB8-BOOT0.Signal=FDCAN1_RX
PB9.Mode=FDCAN_Activate
PB9.Signal=FDCAN1_TX
PC10.GPIOParameters=GPIO_Label
PC10.GPIO_Label=VDS_18
PC10.Locked=true
PC10.Signal=GPIO_Input
PC11.GPIOParameters=GPIO_Label
PC11.GPIO_Label=VDS_75
PC11.Locked=true
PC11.Signal=GPIO_Input
PC13.GPIOParameters=GPIO_Label
PC13.GPIO_Label=GR_EN
PC13.Locked=true
PC13.Signal=GPIO_Output
PC14-OSC32_IN.GPIOParameters=GPIO_Label
PC14-OSC32_IN.GPIO_Label=GR_D0
PC14-OSC32_IN.Locked=true
PC14-OSC32_IN.Signal=GPIO_Input
PC15-OSC32_OUT.GPIOParameters=GPIO_Label
PC15-OSC32_OUT.GPIO_Label=GR_D1
PC15-OSC32_OUT.Locked=true
PC15-OSC32_OUT.Signal=GPIO_Input
PC4.GPIOParameters=GPIO_Label
PC4.GPIO_Label=F_CS
PC4.Locked=true
PC4.Signal=GPIO_Output
PC6.GPIOParameters=GPIO_Label
PC6.GPIO_Label=CUR_SENSE_FAULT
PC6.Locked=true
PC6.Signal=GPIO_Input
PF0-OSC_IN.Mode=HSE-External-Oscillator
PF0-OSC_IN.Signal=RCC_OSC_IN
PF1-OSC_OUT.Mode=HSE-External-Oscillator
PF1-OSC_OUT.Signal=RCC_OSC_OUT
PG10-NRST.Locked=true
PinOutPanel.RotationAngle=0
ProjectManager.AskForMigrate=true
ProjectManager.BackupPrevious=false
ProjectManager.CompilerOptimize=6
ProjectManager.ComputerToolchain=false
ProjectManager.CoupleFile=false
ProjectManager.CustomerFirmwarePackage=
ProjectManager.DefaultFWLocation=true
ProjectManager.DeletePrevious=true
ProjectManager.DeviceId=STM32G431CBUx
ProjectManager.FirmwarePackage=STM32Cube FW_G4 V1.5.1
ProjectManager.FreePins=false
ProjectManager.HalAssertFull=false
ProjectManager.HeapSize=0x800
ProjectManager.KeepUserCode=true
ProjectManager.LastFirmware=true
ProjectManager.LibraryCopy=1
ProjectManager.MainLocation=Core/Src
ProjectManager.NoMain=false
ProjectManager.PreviousToolchain=
ProjectManager.ProjectBuild=false
ProjectManager.ProjectFileName=BldcServoFw.ioc
ProjectManager.ProjectName=BldcServoFw
ProjectManager.RegisterCallBack=
ProjectManager.StackSize=0x800
ProjectManager.TargetToolchain=STM32CubeIDE
ProjectManager.ToolChainLocation=
ProjectManager.UnderRoot=true
ProjectManager.functionlistsort=1-SystemClock_Config-RCC-false-HAL-false,2-MX_GPIO_Init-GPIO-false-HAL-true,3-MX_DMA_Init-DMA-false-HAL-true,4-MX_RTC_Init-RTC-false-HAL-true,5-MX_USB_Device_Init-USB_DEVICE-false-HAL-false,6-MX_FDCAN1_Init-FDCAN1-false-HAL-true,7-MX_SPI1_Init-SPI1-false-HAL-true,8-MX_SPI2_Init-SPI2-false-HAL-true,9-MX_USART2_UART_Init-USART2-false-HAL-true,10-MX_CRC_Init-CRC-false-HAL-true
RCC.ADC12Freq_Value=144000000
RCC.AHBFreq_Value=144000000
RCC.APB1Freq_Value=144000000
RCC.APB1TimFreq_Value=144000000
RCC.APB2Freq_Value=144000000
RCC.APB2TimFreq_Value=144000000
RCC.CRSFreq_Value=48000000
RCC.CortexFreq_Value=144000000
RCC.EXTERNAL_CLOCK_VALUE=12288000
RCC.EnbaleCSS=true
RCC.FCLKCortexFreq_Value=144000000
RCC.FDCANFreq_Value=144000000
RCC.FamilyName=M
RCC.HCLKFreq_Value=144000000
RCC.HSE_VALUE=24000000
RCC.HSI48_VALUE=48000000
RCC.HSI_VALUE=16000000
RCC.I2C1Freq_Value=144000000
RCC.I2C2Freq_Value=144000000
RCC.I2C3Freq_Value=144000000
RCC.I2SFreq_Value=144000000
RCC.IPParameters=ADC12Freq_Value,AHBFreq_Value,APB1Freq_Value,APB1TimFreq_Value,APB2Freq_Value,APB2TimFreq_Value,CRSFreq_Value,CortexFreq_Value,EXTERNAL_CLOCK_VALUE,EnbaleCSS,FCLKCortexFreq_Value,FDCANFreq_Value,FamilyName,HCLKFreq_Value,HSE_VALUE,HSI48_VALUE,HSI_VALUE,I2C1Freq_Value,I2C2Freq_Value,I2C3Freq_Value,I2SFreq_Value,LPTIM1Freq_Value,LPUART1Freq_Value,LSCOPinFreq_Value,LSE_VALUE,LSI_VALUE,MCO1PinFreq_Value,PLLM,PLLN,PLLPoutputFreq_Value,PLLQ,PLLQoutputFreq_Value,PLLRCLKFreq_Value,PLLSourceVirtual,PWRFreq_Value,RNGFreq_Value,SAI1Freq_Value,SYSCLKFreq_VALUE,SYSCLKSource,USART1Freq_Value,USART2Freq_Value,USART3Freq_Value,USBFreq_Value,VCOInputFreq_Value,VCOOutputFreq_Value
RCC.LPTIM1Freq_Value=144000000
RCC.LPUART1Freq_Value=144000000
RCC.LSCOPinFreq_Value=32000
RCC.LSE_VALUE=32768
RCC.LSI_VALUE=32000
RCC.MCO1PinFreq_Value=16000000
RCC.PLLM=RCC_PLLM_DIV2
RCC.PLLN=24
RCC.PLLPoutputFreq_Value=144000000
RCC.PLLQ=RCC_PLLQ_DIV6
RCC.PLLQoutputFreq_Value=48000000
RCC.PLLRCLKFreq_Value=144000000
RCC.PLLSourceVirtual=RCC_PLLSOURCE_HSE
RCC.PWRFreq_Value=144000000
RCC.RNGFreq_Value=48000000
RCC.SAI1Freq_Value=144000000
RCC.SYSCLKFreq_VALUE=144000000
RCC.SYSCLKSource=RCC_SYSCLKSOURCE_PLLCLK
RCC.USART1Freq_Value=144000000
RCC.USART2Freq_Value=144000000
RCC.USART3Freq_Value=144000000
RCC.USBFreq_Value=48000000
RCC.VCOInputFreq_Value=12000000
RCC.VCOOutputFreq_Value=288000000
SPI1.BaudRatePrescaler=SPI_BAUDRATEPRESCALER_32
SPI1.CalculateBaudRate=4.5 MBits/s
SPI1.DataSize=SPI_DATASIZE_8BIT
SPI1.Direction=SPI_DIRECTION_2LINES
SPI1.IPParameters=VirtualType,Mode,Direction,CalculateBaudRate,BaudRatePrescaler,DataSize,NSSPMode
SPI1.Mode=SPI_MODE_MASTER
SPI1.NSSPMode=SPI_NSS_PULSE_DISABLE
SPI1.VirtualType=VM_MASTER
SPI2.BaudRatePrescaler=SPI_BAUDRATEPRESCALER_32
SPI2.CalculateBaudRate=4.5 MBits/s
SPI2.DataSize=SPI_DATASIZE_8BIT
SPI2.Direction=SPI_DIRECTION_2LINES
SPI2.IPParameters=VirtualType,Mode,Direction,CalculateBaudRate,BaudRatePrescaler,DataSize,NSSPMode
SPI2.Mode=SPI_MODE_MASTER
SPI2.NSSPMode=SPI_NSS_PULSE_DISABLE
SPI2.VirtualType=VM_MASTER
USART2.AutoBaudRateEnableParam=UART_ADVFEATURE_AUTOBAUDRATE_DISABLE
USART2.BaudRate=16000000
USART2.IPParameters=VirtualMode-Asynchronous,VirtualMode-Hardware Flow Control (RS485),OverSampling,AutoBaudRateEnableParam,BaudRate
USART2.OverSampling=UART_OVERSAMPLING_8
USART2.VirtualMode-Asynchronous=VM_ASYNC
USART2.VirtualMode-Hardware\ Flow\ Control\ (RS485)=VM_ASYNC
USB_DEVICE.CLASS_NAME_FS=CDC
USB_DEVICE.IPParameters=VirtualMode,VirtualModeFS,CLASS_NAME_FS
USB_DEVICE.VirtualMode=Cdc
USB_DEVICE.VirtualModeFS=Cdc_FS
VP_CRC_VS_CRC.Mode=CRC_Activate
VP_CRC_VS_CRC.Signal=CRC_VS_CRC
VP_FREERTOS_VS_CMSIS_V2.Mode=CMSIS_V2
VP_FREERTOS_VS_CMSIS_V2.Signal=FREERTOS_VS_CMSIS_V2
VP_RTC_VS_RTC_Activate.Mode=RTC_Enabled
VP_RTC_VS_RTC_Activate.Signal=RTC_VS_RTC_Activate
VP_SYS_VS_tim1.Mode=TIM1
VP_SYS_VS_tim1.Signal=SYS_VS_tim1
VP_USB_DEVICE_VS_USB_DEVICE_CDC_FS.Mode=CDC_FS
VP_USB_DEVICE_VS_USB_DEVICE_CDC_FS.Signal=USB_DEVICE_VS_USB_DEVICE_CDC_FS
board=custom
isbadioc=false
